Microsoft Visual Studio Solution File, Format Version 12.00
# Visual Studio Version 17
VisualStudioVersion = 17.5.2.0
MinimumVisualStudioVersion = 10.0.40219.1
Project("{FAE04EC0-301F-11D3-BF4B-00C04F79EFBC}") = "ECommercePaymentSystem", "ECommercePaymentSystem.csproj", "{DCF4930F-C213-67F6-4309-B5AD94C25AE9}"
EndProject
Global
	GlobalSection(SolutionConfigurationPlatforms) = preSolution
		Debug|Any CPU = Debug|Any CPU
		Release|Any CPU = Release|Any CPU
	EndGlobalSection
	GlobalSection(ProjectConfigurationPlatforms) = postSolution
		{DCF4930F-C213-67F6-4309-B5AD94C25AE9}.Debug|Any CPU.ActiveCfg = Debug|Any CPU
		{DCF4930F-C213-67F6-4309-B5AD94C25AE9}.Debug|Any CPU.Build.0 = Debug|Any CPU
		{DCF4930F-C213-67F6-4309-B5AD94C25AE9}.Release|Any CPU.ActiveCfg = Release|Any CPU
		{DCF4930F-C213-67F6-4309-B5AD94C25AE9}.Release|Any CPU.Build.0 = Release|Any CPU
	EndGlobalSection
	GlobalSection(SolutionProperties) = preSolution
		HideSolutionNode = FALSE
	EndGlobalSection
	GlobalSection(ExtensibilityGlobals) = postSolution
		SolutionGuid = {FCB4107D-97B8-40C2-9905-C26BF3653B9D}
	EndGlobalSection
EndGlobal
